// !$*UTF8*$!
{
	archiveVersion = 1;
	classes = {
	};
	objectVersion = 55;
	objects = {

/* Begin PBXBuildFile section */
		0B1B62079EF12C81BD39060D /* Message+Schema.swift in Sources */ = {isa = PBXBuildFile; fileRef = 0A7FC320847CC11E5CC09428 /* Message+Schema.swift */; };
		2FED12DD95715F6AA9174C11 /* Run+Schema.swift in Sources */ = {isa = PBXBuildFile; fileRef = 7C2971D63A5BBF77E2136689 /* Run+Schema.swift */; };
		35C1A99027C9A6CE0032FD00 /* Message+Extensions.swift in Sources */ = {isa = PBXBuildFile; fileRef = 35C1A98F27C9A6CE0032FD00 /* Message+Extensions.swift */; };
		35C1A99227C9A7130032FD00 /* MessageManager.swift in Sources */ = {isa = PBXBuildFile; fileRef = 35C1A99127C9A7130032FD00 /* MessageManager.swift */; };
		35C1A99427C9A73E0032FD00 /* MessageRow.swift in Sources */ = {isa = PBXBuildFile; fileRef = 35C1A99327C9A73E0032FD00 /* MessageRow.swift */; };
		35C1A99627C9A7880032FD00 /* MessagesView.swift in Sources */ = {isa = PBXBuildFile; fileRef = 35C1A99527C9A7880032FD00 /* MessagesView.swift */; };
		4A19986727E16780001822E5 /* LaunchView.swift in Sources */ = {isa = PBXBuildFile; fileRef = 4A19986627E16780001822E5 /* LaunchView.swift */; };
		4A1EE56127E1AA3B0032138E /* ProximaNova.ttf in Resources */ = {isa = PBXBuildFile; fileRef = 4A1EE56027E1AA3B0032138E /* ProximaNova.ttf */; };
		4A1EE56227E1AA3B0032138E /* ProximaNova.ttf in Resources */ = {isa = PBXBuildFile; fileRef = 4A1EE56027E1AA3B0032138E /* ProximaNova.ttf */; };
		4A2FA86727B359BF00B55D53 /* VarelaRound-Regular.ttf in Resources */ = {isa = PBXBuildFile; fileRef = 4A2FA86627B359BF00B55D53 /* VarelaRound-Regular.ttf */; };
		4A4C1F4827CEE48900D95264 /* NavBarView.swift in Sources */ = {isa = PBXBuildFile; fileRef = 4A4C1F4727CEE48900D95264 /* NavBarView.swift */; };
		4AB6137027B1DE4E0018F678 /* RunningView.swift in Sources */ = {isa = PBXBuildFile; fileRef = 4AB6136F27B1DE4E0018F678 /* RunningView.swift */; };
		4AB6137227B1DEC90018F678 /* ProfileView.swift in Sources */ = {isa = PBXBuildFile; fileRef = 4AB6137127B1DEC90018F678 /* ProfileView.swift */; };
		4AB6137427B1DEDE0018F678 /* EmergContactView.swift in Sources */ = {isa = PBXBuildFile; fileRef = 4AB6137327B1DEDE0018F678 /* EmergContactView.swift */; };
		4AFB47AB27E16B4D00F7AF3A /* SDWebImageSwiftUI in Frameworks */ = {isa = PBXBuildFile; productRef = 4AFB47AA27E16B4D00F7AF3A /* SDWebImageSwiftUI */; };
		4C0E11F227AE0F1200F239AA /* DatabaseManager.swift in Sources */ = {isa = PBXBuildFile; fileRef = 4C0E11F127AE0F1200F239AA /* DatabaseManager.swift */; };
		4C0E53A52770FE6F001BEA58 /* correApp.swift in Sources */ = {isa = PBXBuildFile; fileRef = 4C0E53A42770FE6F001BEA58 /* correApp.swift */; };
		4C0E53A72770FE6F001BEA58 /* ContentView.swift in Sources */ = {isa = PBXBuildFile; fileRef = 4C0E53A62770FE6F001BEA58 /* ContentView.swift */; };
		4C0E53A92770FE70001BEA58 /* Assets.xcassets in Resources */ = {isa = PBXBuildFile; fileRef = 4C0E53A82770FE70001BEA58 /* Assets.xcassets */; };
		4C0E53B827712CA4001BEA58 /* AWSAPIPlugin in Frameworks */ = {isa = PBXBuildFile; productRef = 4C0E53B727712CA4001BEA58 /* AWSAPIPlugin */; };
		4C0E53BA27712CA4001BEA58 /* AWSCognitoAuthPlugin in Frameworks */ = {isa = PBXBuildFile; productRef = 4C0E53B927712CA4001BEA58 /* AWSCognitoAuthPlugin */; };
		4C0E53BC27712CA4001BEA58 /* AWSDataStorePlugin in Frameworks */ = {isa = PBXBuildFile; productRef = 4C0E53BB27712CA4001BEA58 /* AWSDataStorePlugin */; };
		4C0E53BE27712CA4001BEA58 /* AWSLocationGeoPlugin in Frameworks */ = {isa = PBXBuildFile; productRef = 4C0E53BD27712CA4001BEA58 /* AWSLocationGeoPlugin */; };
		4C0E53C027712CA4001BEA58 /* AWSPluginsCore in Frameworks */ = {isa = PBXBuildFile; productRef = 4C0E53BF27712CA4001BEA58 /* AWSPluginsCore */; };
		4C0E53C227712CA4001BEA58 /* Amplify in Frameworks */ = {isa = PBXBuildFile; productRef = 4C0E53C127712CA4001BEA58 /* Amplify */; };
		4C0E53C427712D5A001BEA58 /* SignUpView.swift in Sources */ = {isa = PBXBuildFile; fileRef = 4C0E53C327712D5A001BEA58 /* SignUpView.swift */; };
		4C0E53C627712D7B001BEA58 /* SessionManager.swift in Sources */ = {isa = PBXBuildFile; fileRef = 4C0E53C527712D7B001BEA58 /* SessionManager.swift */; };
		4C0E53C827712DAA001BEA58 /* SessionView.swift in Sources */ = {isa = PBXBuildFile; fileRef = 4C0E53C727712DAA001BEA58 /* SessionView.swift */; };
		4C0E53CA27712DBE001BEA58 /* LoginView.swift in Sources */ = {isa = PBXBuildFile; fileRef = 4C0E53C927712DBE001BEA58 /* LoginView.swift */; };
		4C0E53CC27712DF3001BEA58 /* ConfirmationView.swift in Sources */ = {isa = PBXBuildFile; fileRef = 4C0E53CB27712DF3001BEA58 /* ConfirmationView.swift */; };
		4C36609527DE7C1C00D0B210 /* SentFriendReqView.swift in Sources */ = {isa = PBXBuildFile; fileRef = 4C36609427DE7C1C00D0B210 /* SentFriendReqView.swift */; };
		4C505BD427E8C8FD00815E85 /* animation.gif in Resources */ = {isa = PBXBuildFile; fileRef = 4C505BD327E8C8FD00815E85 /* animation.gif */; };
		4C792CCC2793140D00FDCF6E /* amplifyconfiguration.json in Resources */ = {isa = PBXBuildFile; fileRef = 4C792CCA2793140D00FDCF6E /* amplifyconfiguration.json */; };
		4C792CCD2793140D00FDCF6E /* awsconfiguration.json in Resources */ = {isa = PBXBuildFile; fileRef = 4C792CCB2793140D00FDCF6E /* awsconfiguration.json */; };
		4C99015B27BC071C00FE5D2B /* TrackerManager.swift in Sources */ = {isa = PBXBuildFile; fileRef = 4C99015A27BC071C00FE5D2B /* TrackerManager.swift */; };
		4CA7D06527D5191F006B246C /* EmergencyContactEditView.swift in Sources */ = {isa = PBXBuildFile; fileRef = 4CA7D06427D5191F006B246C /* EmergencyContactEditView.swift */; };
		4CAE029227B9BFD8007AF11C /* TrackRunnerView.swift in Sources */ = {isa = PBXBuildFile; fileRef = 4CAE029127B9BFD8007AF11C /* TrackRunnerView.swift */; };
		4CB74FCC27CD6B4A004476B7 /* PreRunningView.swift in Sources */ = {isa = PBXBuildFile; fileRef = 4CB74FCB27CD6B4A004476B7 /* PreRunningView.swift */; };
		4CB74FCE27CD6DFD004476B7 /* EmergencyContactRow.swift in Sources */ = {isa = PBXBuildFile; fileRef = 4CB74FCD27CD6DFD004476B7 /* EmergencyContactRow.swift */; };
		4CCF2A8727B59D7800C4E71D /* EditContactView.swift in Sources */ = {isa = PBXBuildFile; fileRef = 4CCF2A8627B59D7800C4E71D /* EditContactView.swift */; };
		4CCF2A8927B59F0000C4E71D /* RunningMapView.swift in Sources */ = {isa = PBXBuildFile; fileRef = 4CCF2A8827B59F0000C4E71D /* RunningMapView.swift */; };
		4CEEB63127CADF3100391A9E /* NotificationView.swift in Sources */ = {isa = PBXBuildFile; fileRef = 4CEEB63027CADF3100391A9E /* NotificationView.swift */; };
		5D5114BD97B104304ED9FA70 /* Device.swift in Sources */ = {isa = PBXBuildFile; fileRef = 5C77E37DADE8162B9959BC11 /* Device.swift */; };
		609F72B042117596E054E574 /* Message.swift in Sources */ = {isa = PBXBuildFile; fileRef = F0C7A474AA58645C6841624F /* Message.swift */; };
		624B4EF640BB351DC532D4AE /* EmergencyContact+Schema.swift in Sources */ = {isa = PBXBuildFile; fileRef = 33A46E3CE696CF2816B06B2A /* EmergencyContact+Schema.swift */; };
		7D0D95D1C4E60294E010D151 /* EmergencyContact.swift in Sources */ = {isa = PBXBuildFile; fileRef = 98FF9B6EA18ABE91D94C4F50 /* EmergencyContact.swift */; };
		93683913B80EEAB77451C63E /* NotificationType.swift in Sources */ = {isa = PBXBuildFile; fileRef = FF7A7BF119B388DEACB526FE /* NotificationType.swift */; };
		A3348095665A8CC53DC55054 /* AmplifyModels.swift in Sources */ = {isa = PBXBuildFile; fileRef = 7857C52B62AD14CC96973B46 /* AmplifyModels.swift */; };
		BB7E0C06641036A59DD65E49 /* User.swift in Sources */ = {isa = PBXBuildFile; fileRef = A138062271A31EB801DD8CF0 /* User.swift */; };
		C0D1D47BCA36C82E45CDC20F /* awsconfiguration.json in Resources */ = {isa = PBXBuildFile; fileRef = EA99A460EC3F73EB97FCEB80 /* awsconfiguration.json */; };
		C45ACAE8FFCF7487444D2B7B /* Notification.swift in Sources */ = {isa = PBXBuildFile; fileRef = EC6DBF85CB4DAB8D5A6E2902 /* Notification.swift */; };
		C8B91A8531BC4E40E8BA27FA /* Device+Schema.swift in Sources */ = {isa = PBXBuildFile; fileRef = C1F00FC9B777E02D0BF8435B /* Device+Schema.swift */; };
		CA1CA2E226D406648AF9BA56 /* User+Schema.swift in Sources */ = {isa = PBXBuildFile; fileRef = 0CD0D90BC7F5625BEA15C4CB /* User+Schema.swift */; };
		CC6195B84FEB9450B88FD590 /* Notification+Schema.swift in Sources */ = {isa = PBXBuildFile; fileRef = 0C9362E32A4132AF79F888EF /* Notification+Schema.swift */; };
		D8FE2AF2C7A9E668FC727AE6 /* RunningStatus.swift in Sources */ = {isa = PBXBuildFile; fileRef = 4E3D37405B55ABBE3C01EC0E /* RunningStatus.swift */; };
		D94A595927C4540D001CA61C /* Error1View.swift in Sources */ = {isa = PBXBuildFile; fileRef = D94A595827C4540D001CA61C /* Error1View.swift */; };
		D9BE965227AF4B8A00ED177A /* FriendView.swift in Sources */ = {isa = PBXBuildFile; fileRef = D9BE965127AF4B8A00ED177A /* FriendView.swift */; };
		D9BE965427B2E60C00ED177A /* DataStore.swift in Sources */ = {isa = PBXBuildFile; fileRef = D9BE965327B2E60C00ED177A /* DataStore.swift */; };
		D9C2B62327AB1AFB0058365E /* LandingView.swift in Sources */ = {isa = PBXBuildFile; fileRef = D9C2B62227AB1AFB0058365E /* LandingView.swift */; };
		D9F4612827CAED030014E5EC /* Assets.xcassets in Resources */ = {isa = PBXBuildFile; fileRef = D9F4612727CAED030014E5EC /* Assets.xcassets */; };
		D9F4612E27CAED030014E5EC /* correWatch WatchKit Extension.appex in Embed App Extensions */ = {isa = PBXBuildFile; fileRef = D9F4612D27CAED030014E5EC /* correWatch WatchKit Extension.appex */; settings = {ATTRIBUTES = (RemoveHeadersOnCopy, ); }; };
		D9F4613327CAED030014E5EC /* correApp.swift in Sources */ = {isa = PBXBuildFile; fileRef = D9F4613227CAED030014E5EC /* correApp.swift */; };
		D9F4613527CAED030014E5EC /* ContentView.swift in Sources */ = {isa = PBXBuildFile; fileRef = D9F4613427CAED030014E5EC /* ContentView.swift */; };
		D9F4613727CAED030014E5EC /* NotificationController.swift in Sources */ = {isa = PBXBuildFile; fileRef = D9F4613627CAED030014E5EC /* NotificationController.swift */; };
		D9F4613927CAED030014E5EC /* NotificationView.swift in Sources */ = {isa = PBXBuildFile; fileRef = D9F4613827CAED030014E5EC /* NotificationView.swift */; };
		D9F4613B27CAED030014E5EC /* ComplicationController.swift in Sources */ = {isa = PBXBuildFile; fileRef = D9F4613A27CAED030014E5EC /* ComplicationController.swift */; };
		D9F4613D27CAED050014E5EC /* Assets.xcassets in Resources */ = {isa = PBXBuildFile; fileRef = D9F4613C27CAED050014E5EC /* Assets.xcassets */; };
		D9F4614027CAED050014E5EC /* Preview Assets.xcassets in Resources */ = {isa = PBXBuildFile; fileRef = D9F4613F27CAED050014E5EC /* Preview Assets.xcassets */; };
		D9F4614C27CAED050014E5EC /* correWatchTests.swift in Sources */ = {isa = PBXBuildFile; fileRef = D9F4614B27CAED050014E5EC /* correWatchTests.swift */; };
		D9F4615627CAED050014E5EC /* correWatchUITests.swift in Sources */ = {isa = PBXBuildFile; fileRef = D9F4615527CAED050014E5EC /* correWatchUITests.swift */; };
		D9F4615827CAED050014E5EC /* correWatchUITestsLaunchTests.swift in Sources */ = {isa = PBXBuildFile; fileRef = D9F4615727CAED050014E5EC /* correWatchUITestsLaunchTests.swift */; };
		D9F4615B27CAED050014E5EC /* correWatch.app in Embed Watch Content */ = {isa = PBXBuildFile; fileRef = D9F4612527CAECFE0014E5EC /* correWatch.app */; settings = {ATTRIBUTES = (RemoveHeadersOnCopy, ); }; };
		DA05349727E16F62000FA50B /* SelectContactView.swift in Sources */ = {isa = PBXBuildFile; fileRef = DA05349627E16F62000FA50B /* SelectContactView.swift */; };
		DA05349927E16FE3000FA50B /* ErrorView.swift in Sources */ = {isa = PBXBuildFile; fileRef = DA05349827E16FE3000FA50B /* ErrorView.swift */; };
		DA921C2427CFF57200A4AE50 /* LandingPageView.swift in Sources */ = {isa = PBXBuildFile; fileRef = DA921C2327CFF57200A4AE50 /* LandingPageView.swift */; };
		DA921C2627CFF5CE00A4AE50 /* DashboardView.swift in Sources */ = {isa = PBXBuildFile; fileRef = DA921C2527CFF5CE00A4AE50 /* DashboardView.swift */; };
		DA921C2827CFF62200A4AE50 /* RunningView.swift in Sources */ = {isa = PBXBuildFile; fileRef = DA921C2727CFF62200A4AE50 /* RunningView.swift */; };
		DAD8F62027CFEFF800E63D67 /* UINotificationView.swift in Sources */ = {isa = PBXBuildFile; fileRef = DAD8F61F27CFEFF800E63D67 /* UINotificationView.swift */; };
		E4B3EDF3439FB6B8094E621C /* amplifyconfiguration.json in Resources */ = {isa = PBXBuildFile; fileRef = 65C92F2E0A356BD0AD91F8A0 /* amplifyconfiguration.json */; };
		ED51C2ACBC4CC71DEE5ED476 /* Run.swift in Sources */ = {isa = PBXBuildFile; fileRef = 1E0BAF37876727B72DDD7B54 /* Run.swift */; };
		F213211C27EA672A00ECBC64 /* FriendsRow.swift in Sources */ = {isa = PBXBuildFile; fileRef = F213211B27EA672A00ECBC64 /* FriendsRow.swift */; };
		F22DB80327AC518200678872 /* AmplifyMapLibreAdapter in Frameworks */ = {isa = PBXBuildFile; productRef = F22DB80227AC518200678872 /* AmplifyMapLibreAdapter */; };
		F22DB80527AC518200678872 /* AmplifyMapLibreUI in Frameworks */ = {isa = PBXBuildFile; productRef = F22DB80427AC518200678872 /* AmplifyMapLibreUI */; };
		F2A1714C27BDB1C900DFA288 /* TrackContactsView.swift in Sources */ = {isa = PBXBuildFile; fileRef = F2A1714B27BDB1C900DFA288 /* TrackContactsView.swift */; };
		F2F0DC1D27B20DD4003E65E8 /* LocationManager.swift in Sources */ = {isa = PBXBuildFile; fileRef = F2F0DC1C27B20DD4003E65E8 /* LocationManager.swift */; };
/* End PBXBuildFile section */

/* Begin PBXContainerItemProxy section */
		D9F4612F27CAED030014E5EC /* PBXContainerItemProxy */ = {
			isa = PBXContainerItemProxy;
			containerPortal = 4C0E53992770FE6F001BEA58 /* Project object */;
			proxyType = 1;
			remoteGlobalIDString = D9F4612C27CAED030014E5EC;
			remoteInfo = "correWatch WatchKit Extension";
		};
		D9F4614827CAED050014E5EC /* PBXContainerItemProxy */ = {
			isa = PBXContainerItemProxy;
			containerPortal = 4C0E53992770FE6F001BEA58 /* Project object */;
			proxyType = 1;
			remoteGlobalIDString = D9F4612C27CAED030014E5EC;
			remoteInfo = "correWatch WatchKit Extension";
		};
		D9F4615227CAED050014E5EC /* PBXContainerItemProxy */ = {
			isa = PBXContainerItemProxy;
			containerPortal = 4C0E53992770FE6F001BEA58 /* Project object */;
			proxyType = 1;
			remoteGlobalIDString = D9F4612427CAECFE0014E5EC;
			remoteInfo = correWatch;
		};
		D9F4615927CAED050014E5EC /* PBXContainerItemProxy */ = {
			isa = PBXContainerItemProxy;
			containerPortal = 4C0E53992770FE6F001BEA58 /* Project object */;
			proxyType = 1;
			remoteGlobalIDString = D9F4612427CAECFE0014E5EC;
			remoteInfo = correWatch;
		};
/* End PBXContainerItemProxy section */

/* Begin PBXCopyFilesBuildPhase section */
		D9F4615C27CAED050014E5EC /* Embed Watch Content */ = {
			isa = PBXCopyFilesBuildPhase;
			buildActionMask = 2147483647;
			dstPath = "$(CONTENTS_FOLDER_PATH)/Watch";
			dstSubfolderSpec = 16;
			files = (
				D9F4615B27CAED050014E5EC /* correWatch.app in Embed Watch Content */,
			);
			name = "Embed Watch Content";
			runOnlyForDeploymentPostprocessing = 0;
		};
		D9F4615F27CAED050014E5EC /* Embed App Extensions */ = {
			isa = PBXCopyFilesBuildPhase;
			buildActionMask = 2147483647;
			dstPath = "";
			dstSubfolderSpec = 13;
			files = (
				D9F4612E27CAED030014E5EC /* correWatch WatchKit Extension.appex in Embed App Extensions */,
			);
			name = "Embed App Extensions";
			runOnlyForDeploymentPostprocessing = 0;
		};
/* End PBXCopyFilesBuildPhase section */

/* Begin PBXFileReference section */
		0A7FC320847CC11E5CC09428 /* Message+Schema.swift */ = {isa = PBXFileReference; explicitFileType = sourcecode.swift; name = "Message+Schema.swift"; path = "amplify/generated/models/Message+Schema.swift"; sourceTree = "<group>"; };
		0C9362E32A4132AF79F888EF /* Notification+Schema.swift */ = {isa = PBXFileReference; explicitFileType = sourcecode.swift; name = "Notification+Schema.swift"; path = "amplify/generated/models/Notification+Schema.swift"; sourceTree = "<group>"; };
		0CD0D90BC7F5625BEA15C4CB /* User+Schema.swift */ = {isa = PBXFileReference; explicitFileType = sourcecode.swift; name = "User+Schema.swift"; path = "amplify/generated/models/User+Schema.swift"; sourceTree = "<group>"; };
		1E0BAF37876727B72DDD7B54 /* Run.swift */ = {isa = PBXFileReference; explicitFileType = sourcecode.swift; name = Run.swift; path = amplify/generated/models/Run.swift; sourceTree = "<group>"; };
		33A46E3CE696CF2816B06B2A /* EmergencyContact+Schema.swift */ = {isa = PBXFileReference; explicitFileType = sourcecode.swift; name = "EmergencyContact+Schema.swift"; path = "amplify/generated/models/EmergencyContact+Schema.swift"; sourceTree = "<group>"; };
		35C1A98F27C9A6CE0032FD00 /* Message+Extensions.swift */ = {isa = PBXFileReference; lastKnownFileType = sourcecode.swift; path = "Message+Extensions.swift"; sourceTree = "<group>"; };
		35C1A99127C9A7130032FD00 /* MessageManager.swift */ = {isa = PBXFileReference; lastKnownFileType = sourcecode.swift; path = MessageManager.swift; sourceTree = "<group>"; };
		35C1A99327C9A73E0032FD00 /* MessageRow.swift */ = {isa = PBXFileReference; lastKnownFileType = sourcecode.swift; path = MessageRow.swift; sourceTree = "<group>"; };
		35C1A99527C9A7880032FD00 /* MessagesView.swift */ = {isa = PBXFileReference; lastKnownFileType = sourcecode.swift; path = MessagesView.swift; sourceTree = "<group>"; };
		4A19986627E16780001822E5 /* LaunchView.swift */ = {isa = PBXFileReference; lastKnownFileType = sourcecode.swift; path = LaunchView.swift; sourceTree = "<group>"; };
		4A1EE56027E1AA3B0032138E /* ProximaNova.ttf */ = {isa = PBXFileReference; lastKnownFileType = file; path = ProximaNova.ttf; sourceTree = "<group>"; };
		4A2FA86027B337DF00B55D53 /* Info.plist */ = {isa = PBXFileReference; lastKnownFileType = text.plist; path = Info.plist; sourceTree = "<group>"; };
		4A2FA86627B359BF00B55D53 /* VarelaRound-Regular.ttf */ = {isa = PBXFileReference; lastKnownFileType = file; path = "VarelaRound-Regular.ttf"; sourceTree = "<group>"; };
		4A4C1F4727CEE48900D95264 /* NavBarView.swift */ = {isa = PBXFileReference; lastKnownFileType = sourcecode.swift; path = NavBarView.swift; sourceTree = "<group>"; };
		4AB6136F27B1DE4E0018F678 /* RunningView.swift */ = {isa = PBXFileReference; lastKnownFileType = sourcecode.swift; path = RunningView.swift; sourceTree = "<group>"; };
		4AB6137127B1DEC90018F678 /* ProfileView.swift */ = {isa = PBXFileReference; lastKnownFileType = sourcecode.swift; path = ProfileView.swift; sourceTree = "<group>"; };
		4AB6137327B1DEDE0018F678 /* EmergContactView.swift */ = {isa = PBXFileReference; lastKnownFileType = sourcecode.swift; path = EmergContactView.swift; sourceTree = "<group>"; };
		4C0E11F127AE0F1200F239AA /* DatabaseManager.swift */ = {isa = PBXFileReference; lastKnownFileType = sourcecode.swift; path = DatabaseManager.swift; sourceTree = "<group>"; };
		4C0E53A12770FE6F001BEA58 /* corre.app */ = {isa = PBXFileReference; explicitFileType = wrapper.application; includeInIndex = 0; path = corre.app; sourceTree = BUILT_PRODUCTS_DIR; };
		4C0E53A42770FE6F001BEA58 /* correApp.swift */ = {isa = PBXFileReference; lastKnownFileType = sourcecode.swift; path = correApp.swift; sourceTree = "<group>"; };
		4C0E53A62770FE6F001BEA58 /* ContentView.swift */ = {isa = PBXFileReference; lastKnownFileType = sourcecode.swift; path = ContentView.swift; sourceTree = "<group>"; };
		4C0E53A82770FE70001BEA58 /* Assets.xcassets */ = {isa = PBXFileReference; lastKnownFileType = folder.assetcatalog; path = Assets.xcassets; sourceTree = "<group>"; };
		4C0E53C327712D5A001BEA58 /* SignUpView.swift */ = {isa = PBXFileReference; lastKnownFileType = sourcecode.swift; path = SignUpView.swift; sourceTree = "<group>"; };
		4C0E53C527712D7B001BEA58 /* SessionManager.swift */ = {isa = PBXFileReference; lastKnownFileType = sourcecode.swift; path = SessionManager.swift; sourceTree = "<group>"; };
		4C0E53C727712DAA001BEA58 /* SessionView.swift */ = {isa = PBXFileReference; lastKnownFileType = sourcecode.swift; path = SessionView.swift; sourceTree = "<group>"; };
		4C0E53C927712DBE001BEA58 /* LoginView.swift */ = {isa = PBXFileReference; lastKnownFileType = sourcecode.swift; path = LoginView.swift; sourceTree = "<group>"; };
		4C0E53CB27712DF3001BEA58 /* ConfirmationView.swift */ = {isa = PBXFileReference; lastKnownFileType = sourcecode.swift; path = ConfirmationView.swift; sourceTree = "<group>"; };
		4C36609427DE7C1C00D0B210 /* SentFriendReqView.swift */ = {isa = PBXFileReference; lastKnownFileType = sourcecode.swift; path = SentFriendReqView.swift; sourceTree = "<group>"; };
		4C505BD327E8C8FD00815E85 /* animation.gif */ = {isa = PBXFileReference; lastKnownFileType = image.gif; path = animation.gif; sourceTree = "<group>"; };
		4C792CC62793136A00FDCF6E /* InterfaceBuilderKit.framework */ = {isa = PBXFileReference; lastKnownFileType = wrapper.framework; name = InterfaceBuilderKit.framework; path = Library/Frameworks/InterfaceBuilderKit.framework; sourceTree = DEVELOPER_DIR; };
		4C792CCA2793140D00FDCF6E /* amplifyconfiguration.json */ = {isa = PBXFileReference; fileEncoding = 4; lastKnownFileType = text.json; path = amplifyconfiguration.json; sourceTree = "<group>"; };
		4C792CCB2793140D00FDCF6E /* awsconfiguration.json */ = {isa = PBXFileReference; fileEncoding = 4; lastKnownFileType = text.json; path = awsconfiguration.json; sourceTree = "<group>"; };
		4C99015A27BC071C00FE5D2B /* TrackerManager.swift */ = {isa = PBXFileReference; lastKnownFileType = sourcecode.swift; path = TrackerManager.swift; sourceTree = "<group>"; };
		4CA7D06427D5191F006B246C /* EmergencyContactEditView.swift */ = {isa = PBXFileReference; lastKnownFileType = sourcecode.swift; path = EmergencyContactEditView.swift; sourceTree = "<group>"; };
		4CAE029127B9BFD8007AF11C /* TrackRunnerView.swift */ = {isa = PBXFileReference; lastKnownFileType = sourcecode.swift; path = TrackRunnerView.swift; sourceTree = "<group>"; };
		4CB74FCB27CD6B4A004476B7 /* PreRunningView.swift */ = {isa = PBXFileReference; lastKnownFileType = sourcecode.swift; path = PreRunningView.swift; sourceTree = "<group>"; };
		4CB74FCD27CD6DFD004476B7 /* EmergencyContactRow.swift */ = {isa = PBXFileReference; lastKnownFileType = sourcecode.swift; path = EmergencyContactRow.swift; sourceTree = "<group>"; };
		4CCF2A8627B59D7800C4E71D /* EditContactView.swift */ = {isa = PBXFileReference; lastKnownFileType = sourcecode.swift; path = EditContactView.swift; sourceTree = "<group>"; };
		4CCF2A8827B59F0000C4E71D /* RunningMapView.swift */ = {isa = PBXFileReference; lastKnownFileType = sourcecode.swift; path = RunningMapView.swift; sourceTree = "<group>"; };
		4CEEB63027CADF3100391A9E /* NotificationView.swift */ = {isa = PBXFileReference; lastKnownFileType = sourcecode.swift; path = NotificationView.swift; sourceTree = "<group>"; };
		4E3D37405B55ABBE3C01EC0E /* RunningStatus.swift */ = {isa = PBXFileReference; explicitFileType = sourcecode.swift; name = RunningStatus.swift; path = amplify/generated/models/RunningStatus.swift; sourceTree = "<group>"; };
		5C77E37DADE8162B9959BC11 /* Device.swift */ = {isa = PBXFileReference; explicitFileType = sourcecode.swift; name = Device.swift; path = amplify/generated/models/Device.swift; sourceTree = "<group>"; };
		65C92F2E0A356BD0AD91F8A0 /* amplifyconfiguration.json */ = {isa = PBXFileReference; explicitFileType = text.json; path = amplifyconfiguration.json; sourceTree = "<group>"; };
		7857C52B62AD14CC96973B46 /* AmplifyModels.swift */ = {isa = PBXFileReference; explicitFileType = sourcecode.swift; name = AmplifyModels.swift; path = amplify/generated/models/AmplifyModels.swift; sourceTree = "<group>"; };
		7C2971D63A5BBF77E2136689 /* Run+Schema.swift */ = {isa = PBXFileReference; explicitFileType = sourcecode.swift; name = "Run+Schema.swift"; path = "amplify/generated/models/Run+Schema.swift"; sourceTree = "<group>"; };
		98FF9B6EA18ABE91D94C4F50 /* EmergencyContact.swift */ = {isa = PBXFileReference; explicitFileType = sourcecode.swift; name = EmergencyContact.swift; path = amplify/generated/models/EmergencyContact.swift; sourceTree = "<group>"; };
		A138062271A31EB801DD8CF0 /* User.swift */ = {isa = PBXFileReference; explicitFileType = sourcecode.swift; name = User.swift; path = amplify/generated/models/User.swift; sourceTree = "<group>"; };
		C1F00FC9B777E02D0BF8435B /* Device+Schema.swift */ = {isa = PBXFileReference; explicitFileType = sourcecode.swift; name = "Device+Schema.swift"; path = "amplify/generated/models/Device+Schema.swift"; sourceTree = "<group>"; };
		D94A595827C4540D001CA61C /* Error1View.swift */ = {isa = PBXFileReference; lastKnownFileType = sourcecode.swift; path = Error1View.swift; sourceTree = "<group>"; };
		D9BE965127AF4B8A00ED177A /* FriendView.swift */ = {isa = PBXFileReference; lastKnownFileType = sourcecode.swift; path = FriendView.swift; sourceTree = "<group>"; };
		D9BE965327B2E60C00ED177A /* DataStore.swift */ = {isa = PBXFileReference; lastKnownFileType = sourcecode.swift; path = DataStore.swift; sourceTree = "<group>"; };
		D9C2B62227AB1AFB0058365E /* LandingView.swift */ = {isa = PBXFileReference; lastKnownFileType = sourcecode.swift; path = LandingView.swift; sourceTree = "<group>"; };
		D9F4612527CAECFE0014E5EC /* correWatch.app */ = {isa = PBXFileReference; explicitFileType = wrapper.application; includeInIndex = 0; path = correWatch.app; sourceTree = BUILT_PRODUCTS_DIR; };
		D9F4612727CAED030014E5EC /* Assets.xcassets */ = {isa = PBXFileReference; lastKnownFileType = folder.assetcatalog; path = Assets.xcassets; sourceTree = "<group>"; };
		D9F4612D27CAED030014E5EC /* correWatch WatchKit Extension.appex */ = {isa = PBXFileReference; explicitFileType = "wrapper.app-extension"; includeInIndex = 0; path = "correWatch WatchKit Extension.appex"; sourceTree = BUILT_PRODUCTS_DIR; };
		D9F4613227CAED030014E5EC /* correApp.swift */ = {isa = PBXFileReference; lastKnownFileType = sourcecode.swift; path = correApp.swift; sourceTree = "<group>"; };
		D9F4613427CAED030014E5EC /* ContentView.swift */ = {isa = PBXFileReference; lastKnownFileType = sourcecode.swift; path = ContentView.swift; sourceTree = "<group>"; };
		D9F4613627CAED030014E5EC /* NotificationController.swift */ = {isa = PBXFileReference; lastKnownFileType = sourcecode.swift; path = NotificationController.swift; sourceTree = "<group>"; };
		D9F4613827CAED030014E5EC /* NotificationView.swift */ = {isa = PBXFileReference; lastKnownFileType = sourcecode.swift; path = NotificationView.swift; sourceTree = "<group>"; };
		D9F4613A27CAED030014E5EC /* ComplicationController.swift */ = {isa = PBXFileReference; lastKnownFileType = sourcecode.swift; path = ComplicationController.swift; sourceTree = "<group>"; };
		D9F4613C27CAED050014E5EC /* Assets.xcassets */ = {isa = PBXFileReference; lastKnownFileType = folder.assetcatalog; path = Assets.xcassets; sourceTree = "<group>"; };
		D9F4613F27CAED050014E5EC /* Preview Assets.xcassets */ = {isa = PBXFileReference; lastKnownFileType = folder.assetcatalog; path = "Preview Assets.xcassets"; sourceTree = "<group>"; };
		D9F4614127CAED050014E5EC /* Info.plist */ = {isa = PBXFileReference; lastKnownFileType = text.plist.xml; path = Info.plist; sourceTree = "<group>"; };
		D9F4614227CAED050014E5EC /* PushNotificationPayload.apns */ = {isa = PBXFileReference; lastKnownFileType = text; path = PushNotificationPayload.apns; sourceTree = "<group>"; };
		D9F4614727CAED050014E5EC /* correWatchTests.xctest */ = {isa = PBXFileReference; explicitFileType = wrapper.cfbundle; includeInIndex = 0; path = correWatchTests.xctest; sourceTree = BUILT_PRODUCTS_DIR; };
		D9F4614B27CAED050014E5EC /* correWatchTests.swift */ = {isa = PBXFileReference; lastKnownFileType = sourcecode.swift; path = correWatchTests.swift; sourceTree = "<group>"; };
		D9F4615127CAED050014E5EC /* correWatchUITests.xctest */ = {isa = PBXFileReference; explicitFileType = wrapper.cfbundle; includeInIndex = 0; path = correWatchUITests.xctest; sourceTree = BUILT_PRODUCTS_DIR; };
		D9F4615527CAED050014E5EC /* correWatchUITests.swift */ = {isa = PBXFileReference; lastKnownFileType = sourcecode.swift; path = correWatchUITests.swift; sourceTree = "<group>"; };
		D9F4615727CAED050014E5EC /* correWatchUITestsLaunchTests.swift */ = {isa = PBXFileReference; lastKnownFileType = sourcecode.swift; path = correWatchUITestsLaunchTests.swift; sourceTree = "<group>"; };
		DA05349627E16F62000FA50B /* SelectContactView.swift */ = {isa = PBXFileReference; lastKnownFileType = sourcecode.swift; path = SelectContactView.swift; sourceTree = "<group>"; };
		DA05349827E16FE3000FA50B /* ErrorView.swift */ = {isa = PBXFileReference; lastKnownFileType = sourcecode.swift; path = ErrorView.swift; sourceTree = "<group>"; };
		DA921C2327CFF57200A4AE50 /* LandingPageView.swift */ = {isa = PBXFileReference; lastKnownFileType = sourcecode.swift; path = LandingPageView.swift; sourceTree = "<group>"; };
		DA921C2527CFF5CE00A4AE50 /* DashboardView.swift */ = {isa = PBXFileReference; lastKnownFileType = sourcecode.swift; path = DashboardView.swift; sourceTree = "<group>"; };
		DA921C2727CFF62200A4AE50 /* RunningView.swift */ = {isa = PBXFileReference; lastKnownFileType = sourcecode.swift; path = RunningView.swift; sourceTree = "<group>"; };
		DAD8F61F27CFEFF800E63D67 /* UINotificationView.swift */ = {isa = PBXFileReference; lastKnownFileType = sourcecode.swift; path = UINotificationView.swift; sourceTree = "<group>"; };
		EA99A460EC3F73EB97FCEB80 /* awsconfiguration.json */ = {isa = PBXFileReference; explicitFileType = text.json; path = awsconfiguration.json; sourceTree = "<group>"; };
		EC6DBF85CB4DAB8D5A6E2902 /* Notification.swift */ = {isa = PBXFileReference; explicitFileType = sourcecode.swift; name = Notification.swift; path = amplify/generated/models/Notification.swift; sourceTree = "<group>"; };
		F0C7A474AA58645C6841624F /* Message.swift */ = {isa = PBXFileReference; explicitFileType = sourcecode.swift; name = Message.swift; path = amplify/generated/models/Message.swift; sourceTree = "<group>"; };
		F213211B27EA672A00ECBC64 /* FriendsRow.swift */ = {isa = PBXFileReference; lastKnownFileType = sourcecode.swift; path = FriendsRow.swift; sourceTree = "<group>"; };
		F2A1714B27BDB1C900DFA288 /* TrackContactsView.swift */ = {isa = PBXFileReference; lastKnownFileType = sourcecode.swift; path = TrackContactsView.swift; sourceTree = "<group>"; };
		F2F0DC1C27B20DD4003E65E8 /* LocationManager.swift */ = {isa = PBXFileReference; lastKnownFileType = sourcecode.swift; path = LocationManager.swift; sourceTree = "<group>"; };
		FF7A7BF119B388DEACB526FE /* NotificationType.swift */ = {isa = PBXFileReference; explicitFileType = sourcecode.swift; name = NotificationType.swift; path = amplify/generated/models/NotificationType.swift; sourceTree = "<group>"; };
/* End PBXFileReference section */

/* Begin PBXFrameworksBuildPhase section */
		4C0E539E2770FE6F001BEA58 /* Frameworks */ = {
			isa = PBXFrameworksBuildPhase;
			buildActionMask = 2147483647;
			files = (
				F22DB80327AC518200678872 /* AmplifyMapLibreAdapter in Frameworks */,
				4C0E53BC27712CA4001BEA58 /* AWSDataStorePlugin in Frameworks */,
				4C0E53B827712CA4001BEA58 /* AWSAPIPlugin in Frameworks */,
				4AFB47AB27E16B4D00F7AF3A /* SDWebImageSwiftUI in Frameworks */,
				4C0E53BE27712CA4001BEA58 /* AWSLocationGeoPlugin in Frameworks */,
				4C0E53C227712CA4001BEA58 /* Amplify in Frameworks */,
				F22DB80527AC518200678872 /* AmplifyMapLibreUI in Frameworks */,
				4C0E53BA27712CA4001BEA58 /* AWSCognitoAuthPlugin in Frameworks */,
				4C0E53C027712CA4001BEA58 /* AWSPluginsCore in Frameworks */,
			);
			runOnlyForDeploymentPostprocessing = 0;
		};
		D9F4612A27CAED030014E5EC /* Frameworks */ = {
			isa = PBXFrameworksBuildPhase;
			buildActionMask = 2147483647;
			files = (
			);
			runOnlyForDeploymentPostprocessing = 0;
		};
		D9F4614427CAED050014E5EC /* Frameworks */ = {
			isa = PBXFrameworksBuildPhase;
			buildActionMask = 2147483647;
			files = (
			);
			runOnlyForDeploymentPostprocessing = 0;
		};
		D9F4614E27CAED050014E5EC /* Frameworks */ = {
			isa = PBXFrameworksBuildPhase;
			buildActionMask = 2147483647;
			files = (
			);
			runOnlyForDeploymentPostprocessing = 0;
		};
/* End PBXFrameworksBuildPhase section */

/* Begin PBXGroup section */
		1288B43D9C813BC539A88778 /* AmplifyModels */ = {
			isa = PBXGroup;
			children = (
				7857C52B62AD14CC96973B46 /* AmplifyModels.swift */,
				33A46E3CE696CF2816B06B2A /* EmergencyContact+Schema.swift */,
				98FF9B6EA18ABE91D94C4F50 /* EmergencyContact.swift */,
				7C2971D63A5BBF77E2136689 /* Run+Schema.swift */,
				1E0BAF37876727B72DDD7B54 /* Run.swift */,
				4E3D37405B55ABBE3C01EC0E /* RunningStatus.swift */,
				0CD0D90BC7F5625BEA15C4CB /* User+Schema.swift */,
				A138062271A31EB801DD8CF0 /* User.swift */,
				C1F00FC9B777E02D0BF8435B /* Device+Schema.swift */,
				5C77E37DADE8162B9959BC11 /* Device.swift */,
				0A7FC320847CC11E5CC09428 /* Message+Schema.swift */,
				F0C7A474AA58645C6841624F /* Message.swift */,
				0C9362E32A4132AF79F888EF /* Notification+Schema.swift */,
				EC6DBF85CB4DAB8D5A6E2902 /* Notification.swift */,
				FF7A7BF119B388DEACB526FE /* NotificationType.swift */,
			);
			name = AmplifyModels;
			sourceTree = "<group>";
		};
		4C0E53982770FE6F001BEA58 = {
			isa = PBXGroup;
			children = (
				4C792CCA2793140D00FDCF6E /* amplifyconfiguration.json */,
				4C792CCB2793140D00FDCF6E /* awsconfiguration.json */,
				4C0E53A32770FE6F001BEA58 /* corre */,
				D9F4612627CAECFE0014E5EC /* correWatch */,
				D9F4613127CAED030014E5EC /* correWatch WatchKit Extension */,
				D9F4614A27CAED050014E5EC /* correWatchTests */,
				D9F4615427CAED050014E5EC /* correWatchUITests */,
				4C0E53A22770FE6F001BEA58 /* Products */,
				766E70382FD1F00A29FA0F7B /* AmplifyConfig */,
				4C792CC52793136A00FDCF6E /* Frameworks */,
				1288B43D9C813BC539A88778 /* AmplifyModels */,
			);
			sourceTree = "<group>";
		};
		4C0E53A22770FE6F001BEA58 /* Products */ = {
			isa = PBXGroup;
			children = (
				4C0E53A12770FE6F001BEA58 /* corre.app */,
				D9F4612527CAECFE0014E5EC /* correWatch.app */,
				D9F4612D27CAED030014E5EC /* correWatch WatchKit Extension.appex */,
				D9F4614727CAED050014E5EC /* correWatchTests.xctest */,
				D9F4615127CAED050014E5EC /* correWatchUITests.xctest */,
			);
			name = Products;
			sourceTree = "<group>";
		};
		4C0E53A32770FE6F001BEA58 /* corre */ = {
			isa = PBXGroup;
			children = (
				4C505BD327E8C8FD00815E85 /* animation.gif */,
				4C0E53A82770FE70001BEA58 /* Assets.xcassets */,
				4C0E53CB27712DF3001BEA58 /* ConfirmationView.swift */,
				4C0E53A62770FE6F001BEA58 /* ContentView.swift */,
				4C0E53A42770FE6F001BEA58 /* correApp.swift */,
				4C0E11F127AE0F1200F239AA /* DatabaseManager.swift */,
				D9BE965327B2E60C00ED177A /* DataStore.swift */,
				4CCF2A8627B59D7800C4E71D /* EditContactView.swift */,
				4AB6137327B1DEDE0018F678 /* EmergContactView.swift */,
				4CA7D06427D5191F006B246C /* EmergencyContactEditView.swift */,
				4CB74FCD27CD6DFD004476B7 /* EmergencyContactRow.swift */,
				D94A595827C4540D001CA61C /* Error1View.swift */,
				F213211B27EA672A00ECBC64 /* FriendsRow.swift */,
				D9BE965127AF4B8A00ED177A /* FriendView.swift */,
				4A2FA86027B337DF00B55D53 /* Info.plist */,
				D9C2B62227AB1AFB0058365E /* LandingView.swift */,
				4A19986627E16780001822E5 /* LaunchView.swift */,
				F2F0DC1C27B20DD4003E65E8 /* LocationManager.swift */,
				4C0E53C927712DBE001BEA58 /* LoginView.swift */,
				35C1A98F27C9A6CE0032FD00 /* Message+Extensions.swift */,
				35C1A99127C9A7130032FD00 /* MessageManager.swift */,
				35C1A99327C9A73E0032FD00 /* MessageRow.swift */,
				35C1A99527C9A7880032FD00 /* MessagesView.swift */,
				4A4C1F4727CEE48900D95264 /* NavBarView.swift */,
				4CEEB63027CADF3100391A9E /* NotificationView.swift */,
				4CB74FCB27CD6B4A004476B7 /* PreRunningView.swift */,
				4AB6137127B1DEC90018F678 /* ProfileView.swift */,
				4A1EE56027E1AA3B0032138E /* ProximaNova.ttf */,
				4CCF2A8827B59F0000C4E71D /* RunningMapView.swift */,
				4AB6136F27B1DE4E0018F678 /* RunningView.swift */,
				4C36609427DE7C1C00D0B210 /* SentFriendReqView.swift */,
				4C0E53C527712D7B001BEA58 /* SessionManager.swift */,
				4C0E53C727712DAA001BEA58 /* SessionView.swift */,
				4C0E53C327712D5A001BEA58 /* SignUpView.swift */,
				F2A1714B27BDB1C900DFA288 /* TrackContactsView.swift */,
				4C99015A27BC071C00FE5D2B /* TrackerManager.swift */,
				4CAE029127B9BFD8007AF11C /* TrackRunnerView.swift */,
				DAD8F61F27CFEFF800E63D67 /* UINotificationView.swift */,
				4A2FA86627B359BF00B55D53 /* VarelaRound-Regular.ttf */,
			);
			path = corre;
			sourceTree = "<group>";
		};
		4C792CC52793136A00FDCF6E /* Frameworks */ = {
			isa = PBXGroup;
			children = (
				4C792CC62793136A00FDCF6E /* InterfaceBuilderKit.framework */,
			);
			name = Frameworks;
			sourceTree = "<group>";
		};
		766E70382FD1F00A29FA0F7B /* AmplifyConfig */ = {
			isa = PBXGroup;
			children = (
				EA99A460EC3F73EB97FCEB80 /* awsconfiguration.json */,
				65C92F2E0A356BD0AD91F8A0 /* amplifyconfiguration.json */,
			);
			name = AmplifyConfig;
			sourceTree = "<group>";
		};
		D9F4612627CAECFE0014E5EC /* correWatch */ = {
			isa = PBXGroup;
			children = (
				D9F4612727CAED030014E5EC /* Assets.xcassets */,
			);
			path = correWatch;
			sourceTree = "<group>";
		};
		D9F4613127CAED030014E5EC /* correWatch WatchKit Extension */ = {
			isa = PBXGroup;
			children = (
				D9F4613227CAED030014E5EC /* correApp.swift */,
				D9F4613427CAED030014E5EC /* ContentView.swift */,
				D9F4613627CAED030014E5EC /* NotificationController.swift */,
				D9F4613827CAED030014E5EC /* NotificationView.swift */,
				DA921C2327CFF57200A4AE50 /* LandingPageView.swift */,
				DA921C2527CFF5CE00A4AE50 /* DashboardView.swift */,
				DA921C2727CFF62200A4AE50 /* RunningView.swift */,
				DA05349627E16F62000FA50B /* SelectContactView.swift */,
				DA05349827E16FE3000FA50B /* ErrorView.swift */,
				D9F4613A27CAED030014E5EC /* ComplicationController.swift */,
				D9F4613C27CAED050014E5EC /* Assets.xcassets */,
				D9F4614127CAED050014E5EC /* Info.plist */,
				D9F4614227CAED050014E5EC /* PushNotificationPayload.apns */,
				D9F4613E27CAED050014E5EC /* Preview Content */,
			);
			path = "correWatch WatchKit Extension";
			sourceTree = "<group>";
		};
		D9F4613E27CAED050014E5EC /* Preview Content */ = {
			isa = PBXGroup;
			children = (
				D9F4613F27CAED050014E5EC /* Preview Assets.xcassets */,
			);
			path = "Preview Content";
			sourceTree = "<group>";
		};
		D9F4614A27CAED050014E5EC /* correWatchTests */ = {
			isa = PBXGroup;
			children = (
				D9F4614B27CAED050014E5EC /* correWatchTests.swift */,
			);
			path = correWatchTests;
			sourceTree = "<group>";
		};
		D9F4615427CAED050014E5EC /* correWatchUITests */ = {
			isa = PBXGroup;
			children = (
				D9F4615527CAED050014E5EC /* correWatchUITests.swift */,
				D9F4615727CAED050014E5EC /* correWatchUITestsLaunchTests.swift */,
			);
			path = correWatchUITests;
			sourceTree = "<group>";
		};
/* End PBXGroup section */

/* Begin PBXNativeTarget section */
		4C0E53A02770FE6F001BEA58 /* corre */ = {
			isa = PBXNativeTarget;
			buildConfigurationList = 4C0E53AF2770FE70001BEA58 /* Build configuration list for PBXNativeTarget "corre" */;
			buildPhases = (
				4C0E539D2770FE6F001BEA58 /* Sources */,
				4C0E539E2770FE6F001BEA58 /* Frameworks */,
				4C0E539F2770FE6F001BEA58 /* Resources */,
				D9F4615C27CAED050014E5EC /* Embed Watch Content */,
			);
			buildRules = (
			);
			dependencies = (
				D9F4615A27CAED050014E5EC /* PBXTargetDependency */,
			);
			name = corre;
			packageProductDependencies = (
				4C0E53B727712CA4001BEA58 /* AWSAPIPlugin */,
				4C0E53B927712CA4001BEA58 /* AWSCognitoAuthPlugin */,
				4C0E53BB27712CA4001BEA58 /* AWSDataStorePlugin */,
				4C0E53BD27712CA4001BEA58 /* AWSLocationGeoPlugin */,
				4C0E53BF27712CA4001BEA58 /* AWSPluginsCore */,
				4C0E53C127712CA4001BEA58 /* Amplify */,
				F22DB80227AC518200678872 /* AmplifyMapLibreAdapter */,
				F22DB80427AC518200678872 /* AmplifyMapLibreUI */,
				4AFB47AA27E16B4D00F7AF3A /* SDWebImageSwiftUI */,
			);
			productName = corre;
			productReference = 4C0E53A12770FE6F001BEA58 /* corre.app */;
			productType = "com.apple.product-type.application";
		};
		D9F4612427CAECFE0014E5EC /* correWatch */ = {
			isa = PBXNativeTarget;
			buildConfigurationList = D9F4616727CAED050014E5EC /* Build configuration list for PBXNativeTarget "correWatch" */;
			buildPhases = (
				D9F4612327CAECFE0014E5EC /* Resources */,
				D9F4615F27CAED050014E5EC /* Embed App Extensions */,
			);
			buildRules = (
			);
			dependencies = (
				D9F4613027CAED030014E5EC /* PBXTargetDependency */,
			);
			name = correWatch;
			productName = correWatch;
			productReference = D9F4612527CAECFE0014E5EC /* correWatch.app */;
			productType = "com.apple.product-type.application.watchapp2";
		};
		D9F4612C27CAED030014E5EC /* correWatch WatchKit Extension */ = {
			isa = PBXNativeTarget;
			buildConfigurationList = D9F4616627CAED050014E5EC /* Build configuration list for PBXNativeTarget "correWatch WatchKit Extension" */;
			buildPhases = (
				D9F4612927CAED030014E5EC /* Sources */,
				D9F4612A27CAED030014E5EC /* Frameworks */,
				D9F4612B27CAED030014E5EC /* Resources */,
			);
			buildRules = (
			);
			dependencies = (
			);
			name = "correWatch WatchKit Extension";
			productName = "correWatch WatchKit Extension";
			productReference = D9F4612D27CAED030014E5EC /* correWatch WatchKit Extension.appex */;
			productType = "com.apple.product-type.watchkit2-extension";
		};
		D9F4614627CAED050014E5EC /* correWatchTests */ = {
			isa = PBXNativeTarget;
			buildConfigurationList = D9F4616827CAED050014E5EC /* Build configuration list for PBXNativeTarget "correWatchTests" */;
			buildPhases = (
				D9F4614327CAED050014E5EC /* Sources */,
				D9F4614427CAED050014E5EC /* Frameworks */,
				D9F4614527CAED050014E5EC /* Resources */,
			);
			buildRules = (
			);
			dependencies = (
				D9F4614927CAED050014E5EC /* PBXTargetDependency */,
			);
			name = correWatchTests;
			productName = correWatchTests;
			productReference = D9F4614727CAED050014E5EC /* correWatchTests.xctest */;
			productType = "com.apple.product-type.bundle.unit-test";
		};
		D9F4615027CAED050014E5EC /* correWatchUITests */ = {
			isa = PBXNativeTarget;
			buildConfigurationList = D9F4616927CAED050014E5EC /* Build configuration list for PBXNativeTarget "correWatchUITests" */;
			buildPhases = (
				D9F4614D27CAED050014E5EC /* Sources */,
				D9F4614E27CAED050014E5EC /* Frameworks */,
				D9F4614F27CAED050014E5EC /* Resources */,
			);
			buildRules = (
			);
			dependencies = (
				D9F4615327CAED050014E5EC /* PBXTargetDependency */,
			);
			name = correWatchUITests;
			productName = correWatchUITests;
			productReference = D9F4615127CAED050014E5EC /* correWatchUITests.xctest */;
			productType = "com.apple.product-type.bundle.ui-testing";
		};
/* End PBXNativeTarget section */

/* Begin PBXProject section */
		4C0E53992770FE6F001BEA58 /* Project object */ = {
			isa = PBXProject;
			attributes = {
				BuildIndependentTargetsInParallel = 1;
				LastSwiftUpdateCheck = 1320;
				LastUpgradeCheck = 1310;
				TargetAttributes = {
					4C0E53A02770FE6F001BEA58 = {
						CreatedOnToolsVersion = 13.1;
					};
					D9F4612427CAECFE0014E5EC = {
						CreatedOnToolsVersion = 13.2.1;
					};
					D9F4612C27CAED030014E5EC = {
						CreatedOnToolsVersion = 13.2.1;
					};
					D9F4614627CAED050014E5EC = {
						CreatedOnToolsVersion = 13.2.1;
						TestTargetID = D9F4612C27CAED030014E5EC;
					};
					D9F4615027CAED050014E5EC = {
						CreatedOnToolsVersion = 13.2.1;
						TestTargetID = D9F4612427CAECFE0014E5EC;
					};
				};
			};
			buildConfigurationList = 4C0E539C2770FE6F001BEA58 /* Build configuration list for PBXProject "corre" */;
			compatibilityVersion = "Xcode 13.0";
			developmentRegion = en;
			hasScannedForEncodings = 0;
			knownRegions = (
				en,
				Base,
			);
			mainGroup = 4C0E53982770FE6F001BEA58;
			packageReferences = (
				4C0E53B627712CA4001BEA58 /* XCRemoteSwiftPackageReference "amplify-ios" */,
				F22DB80127AC518200678872 /* XCRemoteSwiftPackageReference "amplify-ios-maplibre" */,
				4A19986827E16839001822E5 /* XCRemoteSwiftPackageReference "SDWebImageSwiftUI" */,
				4AFB47A927E16B4D00F7AF3A /* XCRemoteSwiftPackageReference "SDWebImageSwiftUI" */,
			);
			productRefGroup = 4C0E53A22770FE6F001BEA58 /* Products */;
			projectDirPath = "";
			projectRoot = "";
			targets = (
				4C0E53A02770FE6F001BEA58 /* corre */,
				D9F4612427CAECFE0014E5EC /* correWatch */,
				D9F4612C27CAED030014E5EC /* correWatch WatchKit Extension */,
				D9F4614627CAED050014E5EC /* correWatchTests */,
				D9F4615027CAED050014E5EC /* correWatchUITests */,
			);
		};
/* End PBXProject section */

/* Begin PBXResourcesBuildPhase section */
		4C0E539F2770FE6F001BEA58 /* Resources */ = {
			isa = PBXResourcesBuildPhase;
			buildActionMask = 2147483647;
			files = (
				4C0E53A92770FE70001BEA58 /* Assets.xcassets in Resources */,
				4C505BD427E8C8FD00815E85 /* animation.gif in Resources */,
				4C792CCD2793140D00FDCF6E /* awsconfiguration.json in Resources */,
				4C792CCC2793140D00FDCF6E /* amplifyconfiguration.json in Resources */,
				4A2FA86727B359BF00B55D53 /* VarelaRound-Regular.ttf in Resources */,
				C0D1D47BCA36C82E45CDC20F /* awsconfiguration.json in Resources */,
				E4B3EDF3439FB6B8094E621C /* amplifyconfiguration.json in Resources */,
				4A1EE56127E1AA3B0032138E /* ProximaNova.ttf in Resources */,
			);
			runOnlyForDeploymentPostprocessing = 0;
		};
		D9F4612327CAECFE0014E5EC /* Resources */ = {
			isa = PBXResourcesBuildPhase;
			buildActionMask = 2147483647;
			files = (
				D9F4612827CAED030014E5EC /* Assets.xcassets in Resources */,
				4A1EE56227E1AA3B0032138E /* ProximaNova.ttf in Resources */,
			);
			runOnlyForDeploymentPostprocessing = 0;
		};
		D9F4612B27CAED030014E5EC /* Resources */ = {
			isa = PBXResourcesBuildPhase;
			buildActionMask = 2147483647;
			files = (
				D9F4614027CAED050014E5EC /* Preview Assets.xcassets in Resources */,
				D9F4613D27CAED050014E5EC /* Assets.xcassets in Resources */,
			);
			runOnlyForDeploymentPostprocessing = 0;
		};
		D9F4614527CAED050014E5EC /* Resources */ = {
			isa = PBXResourcesBuildPhase;
			buildActionMask = 2147483647;
			files = (
			);
			runOnlyForDeploymentPostprocessing = 0;
		};
		D9F4614F27CAED050014E5EC /* Resources */ = {
			isa = PBXResourcesBuildPhase;
			buildActionMask = 2147483647;
			files = (
			);
			runOnlyForDeploymentPostprocessing = 0;
		};
/* End PBXResourcesBuildPhase section */

/* Begin PBXSourcesBuildPhase section */
		4C0E539D2770FE6F001BEA58 /* Sources */ = {
			isa = PBXSourcesBuildPhase;
			buildActionMask = 2147483647;
			files = (
				4C99015B27BC071C00FE5D2B /* TrackerManager.swift in Sources */,
				4A19986727E16780001822E5 /* LaunchView.swift in Sources */,
				4CCF2A8927B59F0000C4E71D /* RunningMapView.swift in Sources */,
				4C0E53CA27712DBE001BEA58 /* LoginView.swift in Sources */,
				4C0E53A72770FE6F001BEA58 /* ContentView.swift in Sources */,
				4AB6137227B1DEC90018F678 /* ProfileView.swift in Sources */,
				4C0E53CC27712DF3001BEA58 /* ConfirmationView.swift in Sources */,
				35C1A99227C9A7130032FD00 /* MessageManager.swift in Sources */,
				D94A595927C4540D001CA61C /* Error1View.swift in Sources */,
				F2A1714C27BDB1C900DFA288 /* TrackContactsView.swift in Sources */,
				4CA7D06527D5191F006B246C /* EmergencyContactEditView.swift in Sources */,
				4CAE029227B9BFD8007AF11C /* TrackRunnerView.swift in Sources */,
				4C0E53C827712DAA001BEA58 /* SessionView.swift in Sources */,
				4CCF2A8727B59D7800C4E71D /* EditContactView.swift in Sources */,
				4AB6137427B1DEDE0018F678 /* EmergContactView.swift in Sources */,
				4C0E11F227AE0F1200F239AA /* DatabaseManager.swift in Sources */,
				D9C2B62327AB1AFB0058365E /* LandingView.swift in Sources */,
				4CB74FCC27CD6B4A004476B7 /* PreRunningView.swift in Sources */,
				4A4C1F4827CEE48900D95264 /* NavBarView.swift in Sources */,
				4C0E53C427712D5A001BEA58 /* SignUpView.swift in Sources */,
				4CB74FCE27CD6DFD004476B7 /* EmergencyContactRow.swift in Sources */,
				4C0E53C627712D7B001BEA58 /* SessionManager.swift in Sources */,
				D9BE965227AF4B8A00ED177A /* FriendView.swift in Sources */,
				35C1A99027C9A6CE0032FD00 /* Message+Extensions.swift in Sources */,
				4CEEB63127CADF3100391A9E /* NotificationView.swift in Sources */,
				D9BE965427B2E60C00ED177A /* DataStore.swift in Sources */,
				4AB6137027B1DE4E0018F678 /* RunningView.swift in Sources */,
				4C0E53A52770FE6F001BEA58 /* correApp.swift in Sources */,
				A3348095665A8CC53DC55054 /* AmplifyModels.swift in Sources */,
				624B4EF640BB351DC532D4AE /* EmergencyContact+Schema.swift in Sources */,
				35C1A99427C9A73E0032FD00 /* MessageRow.swift in Sources */,
				7D0D95D1C4E60294E010D151 /* EmergencyContact.swift in Sources */,
				2FED12DD95715F6AA9174C11 /* Run+Schema.swift in Sources */,
				ED51C2ACBC4CC71DEE5ED476 /* Run.swift in Sources */,
				4C36609527DE7C1C00D0B210 /* SentFriendReqView.swift in Sources */,
				F2F0DC1D27B20DD4003E65E8 /* LocationManager.swift in Sources */,
				D8FE2AF2C7A9E668FC727AE6 /* RunningStatus.swift in Sources */,
				CA1CA2E226D406648AF9BA56 /* User+Schema.swift in Sources */,
				BB7E0C06641036A59DD65E49 /* User.swift in Sources */,
				35C1A99627C9A7880032FD00 /* MessagesView.swift in Sources */,
				C8B91A8531BC4E40E8BA27FA /* Device+Schema.swift in Sources */,
				5D5114BD97B104304ED9FA70 /* Device.swift in Sources */,
				0B1B62079EF12C81BD39060D /* Message+Schema.swift in Sources */,
				DAD8F62027CFEFF800E63D67 /* UINotificationView.swift in Sources */,
				609F72B042117596E054E574 /* Message.swift in Sources */,
				CC6195B84FEB9450B88FD590 /* Notification+Schema.swift in Sources */,
				C45ACAE8FFCF7487444D2B7B /* Notification.swift in Sources */,
				F213211C27EA672A00ECBC64 /* FriendsRow.swift in Sources */,
				93683913B80EEAB77451C63E /* NotificationType.swift in Sources */,
			);
			runOnlyForDeploymentPostprocessing = 0;
		};
		D9F4612927CAED030014E5EC /* Sources */ = {
			isa = PBXSourcesBuildPhase;
			buildActionMask = 2147483647;
			files = (
				DA921C2827CFF62200A4AE50 /* RunningView.swift in Sources */,
				D9F4613727CAED030014E5EC /* NotificationController.swift in Sources */,
				DA921C2427CFF57200A4AE50 /* LandingPageView.swift in Sources */,
				D9F4613527CAED030014E5EC /* ContentView.swift in Sources */,
				DA921C2627CFF5CE00A4AE50 /* DashboardView.swift in Sources */,
				DA05349927E16FE3000FA50B /* ErrorView.swift in Sources */,
				D9F4613B27CAED030014E5EC /* ComplicationController.swift in Sources */,
				D9F4613327CAED030014E5EC /* correApp.swift in Sources */,
				D9F4613927CAED030014E5EC /* NotificationView.swift in Sources */,
				DA05349727E16F62000FA50B /* SelectContactView.swift in Sources */,
			);
			runOnlyForDeploymentPostprocessing = 0;
		};
		D9F4614327CAED050014E5EC /* Sources */ = {
			isa = PBXSourcesBuildPhase;
			buildActionMask = 2147483647;
			files = (
				D9F4614C27CAED050014E5EC /* correWatchTests.swift in Sources */,
			);
			runOnlyForDeploymentPostprocessing = 0;
		};
		D9F4614D27CAED050014E5EC /* Sources */ = {
			isa = PBXSourcesBuildPhase;
			buildActionMask = 2147483647;
			files = (
				D9F4615827CAED050014E5EC /* correWatchUITestsLaunchTests.swift in Sources */,
				D9F4615627CAED050014E5EC /* correWatchUITests.swift in Sources */,
			);
			runOnlyForDeploymentPostprocessing = 0;
		};
/* End PBXSourcesBuildPhase section */

/* Begin PBXTargetDependency section */
		D9F4613027CAED030014E5EC /* PBXTargetDependency */ = {
			isa = PBXTargetDependency;
			target = D9F4612C27CAED030014E5EC /* correWatch WatchKit Extension */;
			targetProxy = D9F4612F27CAED030014E5EC /* PBXContainerItemProxy */;
		};
		D9F4614927CAED050014E5EC /* PBXTargetDependency */ = {
			isa = PBXTargetDependency;
			target = D9F4612C27CAED030014E5EC /* correWatch WatchKit Extension */;
			targetProxy = D9F4614827CAED050014E5EC /* PBXContainerItemProxy */;
		};
		D9F4615327CAED050014E5EC /* PBXTargetDependency */ = {
			isa = PBXTargetDependency;
			target = D9F4612427CAECFE0014E5EC /* correWatch */;
			targetProxy = D9F4615227CAED050014E5EC /* PBXContainerItemProxy */;
		};
		D9F4615A27CAED050014E5EC /* PBXTargetDependency */ = {
			isa = PBXTargetDependency;
			target = D9F4612427CAECFE0014E5EC /* correWatch */;
			targetProxy = D9F4615927CAED050014E5EC /* PBXContainerItemProxy */;
		};
/* End PBXTargetDependency section */

/* Begin XCBuildConfiguration section */
		4C0E53AD2770FE70001BEA58 /* Debug */ = {
			isa = XCBuildConfiguration;
			buildSettings = {
				ALWAYS_SEARCH_USER_PATHS = NO;
				CLANG_ANALYZER_NONNULL = YES;
				CLANG_ANALYZER_NUMBER_OBJECT_CONVERSION = YES_AGGRESSIVE;
				CLANG_CXX_LANGUAGE_STANDARD = "gnu++17";
				CLANG_CXX_LIBRARY = "libc++";
				CLANG_ENABLE_MODULES = YES;
				CLANG_ENABLE_OBJC_ARC = YES;
				CLANG_ENABLE_OBJC_WEAK = YES;
				CLANG_WARN_BLOCK_CAPTURE_AUTORELEASING = YES;
				CLANG_WARN_BOOL_CONVERSION = YES;
				CLANG_WARN_COMMA = YES;
				CLANG_WARN_CONSTANT_CONVERSION = YES;
				CLANG_WARN_DEPRECATED_OBJC_IMPLEMENTATIONS = YES;
				CLANG_WARN_DIRECT_OBJC_ISA_USAGE = YES_ERROR;
				CLANG_WARN_DOCUMENTATION_COMMENTS = YES;
				CLANG_WARN_EMPTY_BODY = YES;
				CLANG_WARN_ENUM_CONVERSION = YES;
				CLANG_WARN_INFINITE_RECURSION = YES;
				CLANG_WARN_INT_CONVERSION = YES;
				CLANG_WARN_NON_LITERAL_NULL_CONVERSION = YES;
				CLANG_WARN_OBJC_IMPLICIT_RETAIN_SELF = YES;
				CLANG_WARN_OBJC_LITERAL_CONVERSION = YES;
				CLANG_WARN_OBJC_ROOT_CLASS = YES_ERROR;
				CLANG_WARN_QUOTED_INCLUDE_IN_FRAMEWORK_HEADER = YES;
				CLANG_WARN_RANGE_LOOP_ANALYSIS = YES;
				CLANG_WARN_STRICT_PROTOTYPES = YES;
				CLANG_WARN_SUSPICIOUS_MOVE = YES;
				CLANG_WARN_UNGUARDED_AVAILABILITY = YES_AGGRESSIVE;
				CLANG_WARN_UNREACHABLE_CODE = YES;
				CLANG_WARN__DUPLICATE_METHOD_MATCH = YES;
				COPY_PHASE_STRIP = NO;
				DEBUG_INFORMATION_FORMAT = dwarf;
				ENABLE_STRICT_OBJC_MSGSEND = YES;
				ENABLE_TESTABILITY = YES;
				GCC_C_LANGUAGE_STANDARD = gnu11;
				GCC_DYNAMIC_NO_PIC = NO;
				GCC_NO_COMMON_BLOCKS = YES;
				GCC_OPTIMIZATION_LEVEL = 0;
				GCC_PREPROCESSOR_DEFINITIONS = (
					"DEBUG=1",
					"$(inherited)",
				);
				GCC_WARN_64_TO_32_BIT_CONVERSION = YES;
				GCC_WARN_ABOUT_RETURN_TYPE = YES_ERROR;
				GCC_WARN_UNDECLARED_SELECTOR = YES;
				GCC_WARN_UNINITIALIZED_AUTOS = YES_AGGRESSIVE;
				GCC_WARN_UNUSED_FUNCTION = YES;
				GCC_WARN_UNUSED_VARIABLE = YES;
				IPHONEOS_DEPLOYMENT_TARGET = 15.0;
				MTL_ENABLE_DEBUG_INFO = INCLUDE_SOURCE;
				MTL_FAST_MATH = YES;
				ONLY_ACTIVE_ARCH = YES;
				SDKROOT = iphoneos;
				SWIFT_ACTIVE_COMPILATION_CONDITIONS = DEBUG;
				SWIFT_OPTIMIZATION_LEVEL = "-Onone";
				SWIFT_VERSION = 5.0;
				TARGETED_DEVICE_FAMILY = 1;
			};
			name = Debug;
		};
		4C0E53AE2770FE70001BEA58 /* Release */ = {
			isa = XCBuildConfiguration;
			buildSettings = {
				ALWAYS_SEARCH_USER_PATHS = NO;
				CLANG_ANALYZER_NONNULL = YES;
				CLANG_ANALYZER_NUMBER_OBJECT_CONVERSION = YES_AGGRESSIVE;
				CLANG_CXX_LANGUAGE_STANDARD = "gnu++17";
				CLANG_CXX_LIBRARY = "libc++";
				CLANG_ENABLE_MODULES = YES;
				CLANG_ENABLE_OBJC_ARC = YES;
				CLANG_ENABLE_OBJC_WEAK = YES;
				CLANG_WARN_BLOCK_CAPTURE_AUTORELEASING = YES;
				CLANG_WARN_BOOL_CONVERSION = YES;
				CLANG_WARN_COMMA = YES;
				CLANG_WARN_CONSTANT_CONVERSION = YES;
				CLANG_WARN_DEPRECATED_OBJC_IMPLEMENTATIONS = YES;
				CLANG_WARN_DIRECT_OBJC_ISA_USAGE = YES_ERROR;
				CLANG_WARN_DOCUMENTATION_COMMENTS = YES;
				CLANG_WARN_EMPTY_BODY = YES;
				CLANG_WARN_ENUM_CONVERSION = YES;
				CLANG_WARN_INFINITE_RECURSION = YES;
				CLANG_WARN_INT_CONVERSION = YES;
				CLANG_WARN_NON_LITERAL_NULL_CONVERSION = YES;
				CLANG_WARN_OBJC_IMPLICIT_RETAIN_SELF = YES;
				CLANG_WARN_OBJC_LITERAL_CONVERSION = YES;
				CLANG_WARN_OBJC_ROOT_CLASS = YES_ERROR;
				CLANG_WARN_QUOTED_INCLUDE_IN_FRAMEWORK_HEADER = YES;
				CLANG_WARN_RANGE_LOOP_ANALYSIS = YES;
				CLANG_WARN_STRICT_PROTOTYPES = YES;
				CLANG_WARN_SUSPICIOUS_MOVE = YES;
				CLANG_WARN_UNGUARDED_AVAILABILITY = YES_AGGRESSIVE;
				CLANG_WARN_UNREACHABLE_CODE = YES;
				CLANG_WARN__DUPLICATE_METHOD_MATCH = YES;
				COPY_PHASE_STRIP = NO;
				DEBUG_INFORMATION_FORMAT = "dwarf-with-dsym";
				ENABLE_NS_ASSERTIONS = NO;
				ENABLE_STRICT_OBJC_MSGSEND = YES;
				GCC_C_LANGUAGE_STANDARD = gnu11;
				GCC_NO_COMMON_BLOCKS = YES;
				GCC_WARN_64_TO_32_BIT_CONVERSION = YES;
				GCC_WARN_ABOUT_RETURN_TYPE = YES_ERROR;
				GCC_WARN_UNDECLARED_SELECTOR = YES;
				GCC_WARN_UNINITIALIZED_AUTOS = YES_AGGRESSIVE;
				GCC_WARN_UNUSED_FUNCTION = YES;
				GCC_WARN_UNUSED_VARIABLE = YES;
				IPHONEOS_DEPLOYMENT_TARGET = 15.0;
				MTL_ENABLE_DEBUG_INFO = NO;
				MTL_FAST_MATH = YES;
				SDKROOT = iphoneos;
				SWIFT_COMPILATION_MODE = wholemodule;
				SWIFT_OPTIMIZATION_LEVEL = "-O";
				SWIFT_VERSION = 5.0;
				TARGETED_DEVICE_FAMILY = 1;
				VALIDATE_PRODUCT = YES;
			};
			name = Release;
		};
		4C0E53B02770FE70001BEA58 /* Debug */ = {
			isa = XCBuildConfiguration;
			buildSettings = {
				ASSETCATALOG_COMPILER_APPICON_NAME = AppIcon;
				ASSETCATALOG_COMPILER_GLOBAL_ACCENT_COLOR_NAME = AccentColor;
				CODE_SIGN_STYLE = Automatic;
				CURRENT_PROJECT_VERSION = 1;
				DEVELOPMENT_ASSET_PATHS = corre/;
				DEVELOPMENT_TEAM = "";
				ENABLE_PREVIEWS = YES;
				GENERATE_INFOPLIST_FILE = YES;
				INFOPLIST_FILE = corre/Info.plist;
				INFOPLIST_KEY_NSLocationWhenInUseUsageDescription = "Would you like to give Corre App the access to your location?";
				INFOPLIST_KEY_UIApplicationSceneManifest_Generation = YES;
				INFOPLIST_KEY_UIApplicationSupportsIndirectInputEvents = YES;
				INFOPLIST_KEY_UISupportedInterfaceOrientations_iPad = "UIInterfaceOrientationPortrait UIInterfaceOrientationPortraitUpsideDown UIInterfaceOrientationLandscapeLeft UIInterfaceOrientationLandscapeRight";
				INFOPLIST_KEY_UISupportedInterfaceOrientations_iPhone = "UIInterfaceOrientationPortrait UIInterfaceOrientationLandscapeLeft UIInterfaceOrientationLandscapeRight";
				LD_RUNPATH_SEARCH_PATHS = (
					"$(inherited)",
					"@executable_path/Frameworks",
				);
				MARKETING_VERSION = 1.0;
				PRODUCT_BUNDLE_IDENTIFIER = my.org.corre;
				PRODUCT_NAME = "$(TARGET_NAME)";
				SWIFT_EMIT_LOC_STRINGS = YES;
				SWIFT_VERSION = 5.0;
				TARGETED_DEVICE_FAMILY = "1,2";
			};
			name = Debug;
		};
		4C0E53B12770FE70001BEA58 /* Release */ = {
			isa = XCBuildConfiguration;
			buildSettings = {
				ASSETCATALOG_COMPILER_APPICON_NAME = AppIcon;
				ASSETCATALOG_COMPILER_GLOBAL_ACCENT_COLOR_NAME = AccentColor;
				CODE_SIGN_STYLE = Automatic;
				CURRENT_PROJECT_VERSION = 1;
				DEVELOPMENT_ASSET_PATHS = corre/;
				DEVELOPMENT_TEAM = "";
				ENABLE_PREVIEWS = YES;
				GENERATE_INFOPLIST_FILE = YES;
				INFOPLIST_FILE = corre/Info.plist;
				INFOPLIST_KEY_NSLocationWhenInUseUsageDescription = "Would you like to give Corre App the access to your location?";
				INFOPLIST_KEY_UIApplicationSceneManifest_Generation = YES;
				INFOPLIST_KEY_UIApplicationSupportsIndirectInputEvents = YES;
				INFOPLIST_KEY_UISupportedInterfaceOrientations_iPad = "UIInterfaceOrientationPortrait UIInterfaceOrientationPortraitUpsideDown UIInterfaceOrientationLandscapeLeft UIInterfaceOrientationLandscapeRight";
				INFOPLIST_KEY_UISupportedInterfaceOrientations_iPhone = "UIInterfaceOrientationPortrait UIInterfaceOrientationLandscapeLeft UIInterfaceOrientationLandscapeRight";
				LD_RUNPATH_SEARCH_PATHS = (
					"$(inherited)",
					"@executable_path/Frameworks",
				);
				MARKETING_VERSION = 1.0;
				PRODUCT_BUNDLE_IDENTIFIER = my.org.corre;
				PRODUCT_NAME = "$(TARGET_NAME)";
				SWIFT_EMIT_LOC_STRINGS = YES;
				SWIFT_VERSION = 5.0;
				TARGETED_DEVICE_FAMILY = "1,2";
			};
			name = Release;
		};
		D9F4615D27CAED050014E5EC /* Debug */ = {
			isa = XCBuildConfiguration;
			buildSettings = {
				ALWAYS_EMBED_SWIFT_STANDARD_LIBRARIES = YES;
				ASSETCATALOG_COMPILER_APPICON_NAME = AppIcon;
				ASSETCATALOG_COMPILER_GLOBAL_ACCENT_COLOR_NAME = AccentColor;
				CODE_SIGN_STYLE = Automatic;
				CURRENT_PROJECT_VERSION = 1;
				DEVELOPMENT_TEAM = "";
				GENERATE_INFOPLIST_FILE = YES;
				IBSC_MODULE = correWatch_WatchKit_Extension;
				INFOPLIST_KEY_CFBundleDisplayName = correWatch;
				INFOPLIST_KEY_UISupportedInterfaceOrientations = "UIInterfaceOrientationPortrait UIInterfaceOrientationPortraitUpsideDown";
				INFOPLIST_KEY_WKCompanionAppBundleIdentifier = my.org.corre;
				MARKETING_VERSION = 1.0;
				PRODUCT_BUNDLE_IDENTIFIER = my.org.corre.watchkitapp;
				PRODUCT_NAME = "$(TARGET_NAME)";
				SDKROOT = watchos;
				SKIP_INSTALL = YES;
				SWIFT_EMIT_LOC_STRINGS = YES;
				SWIFT_VERSION = 5.0;
				TARGETED_DEVICE_FAMILY = 4;
				WATCHOS_DEPLOYMENT_TARGET = 8.3;
			};
			name = Debug;
		};
		D9F4615E27CAED050014E5EC /* Release */ = {
			isa = XCBuildConfiguration;
			buildSettings = {
				ALWAYS_EMBED_SWIFT_STANDARD_LIBRARIES = YES;
				ASSETCATALOG_COMPILER_APPICON_NAME = AppIcon;
				ASSETCATALOG_COMPILER_GLOBAL_ACCENT_COLOR_NAME = AccentColor;
				CODE_SIGN_STYLE = Automatic;
				CURRENT_PROJECT_VERSION = 1;
				DEVELOPMENT_TEAM = "";
				GENERATE_INFOPLIST_FILE = YES;
				IBSC_MODULE = correWatch_WatchKit_Extension;
				INFOPLIST_KEY_CFBundleDisplayName = correWatch;
				INFOPLIST_KEY_UISupportedInterfaceOrientations = "UIInterfaceOrientationPortrait UIInterfaceOrientationPortraitUpsideDown";
				INFOPLIST_KEY_WKCompanionAppBundleIdentifier = my.org.corre;
				MARKETING_VERSION = 1.0;
				PRODUCT_BUNDLE_IDENTIFIER = my.org.corre.watchkitapp;
				PRODUCT_NAME = "$(TARGET_NAME)";
				SDKROOT = watchos;
				SKIP_INSTALL = YES;
				SWIFT_EMIT_LOC_STRINGS = YES;
				SWIFT_VERSION = 5.0;
				TARGETED_DEVICE_FAMILY = 4;
				WATCHOS_DEPLOYMENT_TARGET = 8.3;
			};
			name = Release;
		};
		D9F4616027CAED050014E5EC /* Debug */ = {
			isa = XCBuildConfiguration;
			buildSettings = {
				ASSETCATALOG_COMPILER_COMPLICATION_NAME = Complication;
				CODE_SIGN_STYLE = Automatic;
				CURRENT_PROJECT_VERSION = 1;
				DEVELOPMENT_ASSET_PATHS = "\"correWatch WatchKit Extension/Preview Content\"";
				DEVELOPMENT_TEAM = "";
				ENABLE_PREVIEWS = YES;
				GENERATE_INFOPLIST_FILE = YES;
				INFOPLIST_FILE = "correWatch WatchKit Extension/Info.plist";
				INFOPLIST_KEY_CFBundleDisplayName = "correWatch WatchKit Extension";
				INFOPLIST_KEY_CLKComplicationPrincipalClass = "$(PRODUCT_MODULE_NAME).ComplicationController";
				INFOPLIST_KEY_NSHumanReadableCopyright = "";
				LD_RUNPATH_SEARCH_PATHS = (
					"$(inherited)",
					"@executable_path/Frameworks",
					"@executable_path/../../Frameworks",
				);
				MARKETING_VERSION = 1.0;
				PRODUCT_BUNDLE_IDENTIFIER = my.org.corre.watchkitapp.watchkitextension;
				PRODUCT_NAME = "${TARGET_NAME}";
				SDKROOT = watchos;
				SKIP_INSTALL = YES;
				SWIFT_EMIT_LOC_STRINGS = YES;
				SWIFT_VERSION = 5.0;
				TARGETED_DEVICE_FAMILY = 4;
				WATCHOS_DEPLOYMENT_TARGET = 8.3;
			};
			name = Debug;
		};
		D9F4616127CAED050014E5EC /* Release */ = {
			isa = XCBuildConfiguration;
			buildSettings = {
				ASSETCATALOG_COMPILER_COMPLICATION_NAME = Complication;
				CODE_SIGN_STYLE = Automatic;
				CURRENT_PROJECT_VERSION = 1;
				DEVELOPMENT_ASSET_PATHS = "\"correWatch WatchKit Extension/Preview Content\"";
				DEVELOPMENT_TEAM = "";
				ENABLE_PREVIEWS = YES;
				GENERATE_INFOPLIST_FILE = YES;
				INFOPLIST_FILE = "correWatch WatchKit Extension/Info.plist";
				INFOPLIST_KEY_CFBundleDisplayName = "correWatch WatchKit Extension";
				INFOPLIST_KEY_CLKComplicationPrincipalClass = "$(PRODUCT_MODULE_NAME).ComplicationController";
				INFOPLIST_KEY_NSHumanReadableCopyright = "";
				LD_RUNPATH_SEARCH_PATHS = (
					"$(inherited)",
					"@executable_path/Frameworks",
					"@executable_path/../../Frameworks",
				);
				MARKETING_VERSION = 1.0;
				PRODUCT_BUNDLE_IDENTIFIER = my.org.corre.watchkitapp.watchkitextension;
				PRODUCT_NAME = "${TARGET_NAME}";
				SDKROOT = watchos;
				SKIP_INSTALL = YES;
				SWIFT_EMIT_LOC_STRINGS = YES;
				SWIFT_VERSION = 5.0;
				TARGETED_DEVICE_FAMILY = 4;
				WATCHOS_DEPLOYMENT_TARGET = 8.3;
			};
			name = Release;
		};
		D9F4616227CAED050014E5EC /* Debug */ = {
			isa = XCBuildConfiguration;
			buildSettings = {
				ALWAYS_EMBED_SWIFT_STANDARD_LIBRARIES = YES;
				BUNDLE_LOADER = "$(TEST_HOST)";
				CODE_SIGN_STYLE = Automatic;
				CURRENT_PROJECT_VERSION = 1;
				DEVELOPMENT_TEAM = "";
				GENERATE_INFOPLIST_FILE = YES;
				MARKETING_VERSION = 1.0;
				PRODUCT_BUNDLE_IDENTIFIER = my.org.corre.correWatchTests;
				PRODUCT_NAME = "$(TARGET_NAME)";
				SDKROOT = watchos;
				SWIFT_EMIT_LOC_STRINGS = NO;
				SWIFT_VERSION = 5.0;
				TARGETED_DEVICE_FAMILY = 4;
				TEST_HOST = "$(BUILT_PRODUCTS_DIR)/correWatch WatchKit Extension.appex/correWatch WatchKit Extension";
				WATCHOS_DEPLOYMENT_TARGET = 8.3;
			};
			name = Debug;
		};
		D9F4616327CAED050014E5EC /* Release */ = {
			isa = XCBuildConfiguration;
			buildSettings = {
				ALWAYS_EMBED_SWIFT_STANDARD_LIBRARIES = YES;
				BUNDLE_LOADER = "$(TEST_HOST)";
				CODE_SIGN_STYLE = Automatic;
				CURRENT_PROJECT_VERSION = 1;
				DEVELOPMENT_TEAM = "";
				GENERATE_INFOPLIST_FILE = YES;
				MARKETING_VERSION = 1.0;
				PRODUCT_BUNDLE_IDENTIFIER = my.org.corre.correWatchTests;
				PRODUCT_NAME = "$(TARGET_NAME)";
				SDKROOT = watchos;
				SWIFT_EMIT_LOC_STRINGS = NO;
				SWIFT_VERSION = 5.0;
				TARGETED_DEVICE_FAMILY = 4;
				TEST_HOST = "$(BUILT_PRODUCTS_DIR)/correWatch WatchKit Extension.appex/correWatch WatchKit Extension";
				WATCHOS_DEPLOYMENT_TARGET = 8.3;
			};
			name = Release;
		};
		D9F4616427CAED050014E5EC /* Debug */ = {
			isa = XCBuildConfiguration;
			buildSettings = {
				CODE_SIGN_STYLE = Automatic;
				CURRENT_PROJECT_VERSION = 1;
				DEVELOPMENT_TEAM = "";
				GENERATE_INFOPLIST_FILE = YES;
				MARKETING_VERSION = 1.0;
				PRODUCT_BUNDLE_IDENTIFIER = my.org.corre.correWatchUITests;
				PRODUCT_NAME = "$(TARGET_NAME)";
				SDKROOT = watchos;
				SWIFT_EMIT_LOC_STRINGS = NO;
				SWIFT_VERSION = 5.0;
				TARGETED_DEVICE_FAMILY = 4;
				TEST_TARGET_NAME = correWatch;
				WATCHOS_DEPLOYMENT_TARGET = 8.3;
			};
			name = Debug;
		};
		D9F4616527CAED050014E5EC /* Release */ = {
			isa = XCBuildConfiguration;
			buildSettings = {
				CODE_SIGN_STYLE = Automatic;
				CURRENT_PROJECT_VERSION = 1;
				DEVELOPMENT_TEAM = "";
				GENERATE_INFOPLIST_FILE = YES;
				MARKETING_VERSION = 1.0;
				PRODUCT_BUNDLE_IDENTIFIER = my.org.corre.correWatchUITests;
				PRODUCT_NAME = "$(TARGET_NAME)";
				SDKROOT = watchos;
				SWIFT_EMIT_LOC_STRINGS = NO;
				SWIFT_VERSION = 5.0;
				TARGETED_DEVICE_FAMILY = 4;
				TEST_TARGET_NAME = correWatch;
				WATCHOS_DEPLOYMENT_TARGET = 8.3;
			};
			name = Release;
		};
/* End XCBuildConfiguration section */

/* Begin XCConfigurationList section */
		4C0E539C2770FE6F001BEA58 /* Build configuration list for PBXProject "corre" */ = {
			isa = XCConfigurationList;
			buildConfigurations = (
				4C0E53AD2770FE70001BEA58 /* Debug */,
				4C0E53AE2770FE70001BEA58 /* Release */,
			);
			defaultConfigurationIsVisible = 0;
			defaultConfigurationName = Release;
		};
		4C0E53AF2770FE70001BEA58 /* Build configuration list for PBXNativeTarget "corre" */ = {
			isa = XCConfigurationList;
			buildConfigurations = (
				4C0E53B02770FE70001BEA58 /* Debug */,
				4C0E53B12770FE70001BEA58 /* Release */,
			);
			defaultConfigurationIsVisible = 0;
			defaultConfigurationName = Release;
		};
		D9F4616627CAED050014E5EC /* Build configuration list for PBXNativeTarget "correWatch WatchKit Extension" */ = {
			isa = XCConfigurationList;
			buildConfigurations = (
				D9F4616027CAED050014E5EC /* Debug */,
				D9F4616127CAED050014E5EC /* Release */,
			);
			defaultConfigurationIsVisible = 0;
			defaultConfigurationName = Release;
		};
		D9F4616727CAED050014E5EC /* Build configuration list for PBXNativeTarget "correWatch" */ = {
			isa = XCConfigurationList;
			buildConfigurations = (
				D9F4615D27CAED050014E5EC /* Debug */,
				D9F4615E27CAED050014E5EC /* Release */,
			);
			defaultConfigurationIsVisible = 0;
			defaultConfigurationName = Release;
		};
		D9F4616827CAED050014E5EC /* Build configuration list for PBXNativeTarget "correWatchTests" */ = {
			isa = XCConfigurationList;
			buildConfigurations = (
				D9F4616227CAED050014E5EC /* Debug */,
				D9F4616327CAED050014E5EC /* Release */,
			);
			defaultConfigurationIsVisible = 0;
			defaultConfigurationName = Release;
		};
		D9F4616927CAED050014E5EC /* Build configuration list for PBXNativeTarget "correWatchUITests" */ = {
			isa = XCConfigurationList;
			buildConfigurations = (
				D9F4616427CAED050014E5EC /* Debug */,
				D9F4616527CAED050014E5EC /* Release */,
			);
			defaultConfigurationIsVisible = 0;
			defaultConfigurationName = Release;
		};
/* End XCConfigurationList section */

/* Begin XCRemoteSwiftPackageReference section */
		4A19986827E16839001822E5 /* XCRemoteSwiftPackageReference "SDWebImageSwiftUI" */ = {
			isa = XCRemoteSwiftPackageReference;
			repositoryURL = "https://github.com/SDWebImage/SDWebImageSwiftUI";
			requirement = {
				kind = upToNextMajorVersion;
				minimumVersion = 2.0.0;
			};
		};
		4AFB47A927E16B4D00F7AF3A /* XCRemoteSwiftPackageReference "SDWebImageSwiftUI" */ = {
			isa = XCRemoteSwiftPackageReference;
			repositoryURL = "https://github.com/SDWebImage/SDWebImageSwiftUI";
			requirement = {
				kind = upToNextMajorVersion;
				minimumVersion = 2.0.0;
			};
		};
		4C0E53B627712CA4001BEA58 /* XCRemoteSwiftPackageReference "amplify-ios" */ = {
			isa = XCRemoteSwiftPackageReference;
			repositoryURL = "https://github.com/aws-amplify/amplify-ios";
			requirement = {
				branch = main;
				kind = branch;
			};
		};
		F22DB80127AC518200678872 /* XCRemoteSwiftPackageReference "amplify-ios-maplibre" */ = {
			isa = XCRemoteSwiftPackageReference;
			repositoryURL = "https://github.com/aws-amplify/amplify-ios-maplibre";
			requirement = {
				kind = upToNextMajorVersion;
				minimumVersion = 0.1.4;
			};
		};
/* End XCRemoteSwiftPackageReference section */

/* Begin XCSwiftPackageProductDependency section */
		4AFB47AA27E16B4D00F7AF3A /* SDWebImageSwiftUI */ = {
			isa = XCSwiftPackageProductDependency;
			package = 4A19986827E16839001822E5 /* XCRemoteSwiftPackageReference "SDWebImageSwiftUI" */;
			productName = SDWebImageSwiftUI;
		};
		4C0E53B727712CA4001BEA58 /* AWSAPIPlugin */ = {
			isa = XCSwiftPackageProductDependency;
			package = 4C0E53B627712CA4001BEA58 /* XCRemoteSwiftPackageReference "amplify-ios" */;
			productName = AWSAPIPlugin;
		};
		4C0E53B927712CA4001BEA58 /* AWSCognitoAuthPlugin */ = {
			isa = XCSwiftPackageProductDependency;
			package = 4C0E53B627712CA4001BEA58 /* XCRemoteSwiftPackageReference "amplify-ios" */;
			productName = AWSCognitoAuthPlugin;
		};
		4C0E53BB27712CA4001BEA58 /* AWSDataStorePlugin */ = {
			isa = XCSwiftPackageProductDependency;
			package = 4C0E53B627712CA4001BEA58 /* XCRemoteSwiftPackageReference "amplify-ios" */;
			productName = AWSDataStorePlugin;
		};
		4C0E53BD27712CA4001BEA58 /* AWSLocationGeoPlugin */ = {
			isa = XCSwiftPackageProductDependency;
			package = 4C0E53B627712CA4001BEA58 /* XCRemoteSwiftPackageReference "amplify-ios" */;
			productName = AWSLocationGeoPlugin;
		};
		4C0E53BF27712CA4001BEA58 /* AWSPluginsCore */ = {
			isa = XCSwiftPackageProductDependency;
			package = 4C0E53B627712CA4001BEA58 /* XCRemoteSwiftPackageReference "amplify-ios" */;
			productName = AWSPluginsCore;
		};
		4C0E53C127712CA4001BEA58 /* Amplify */ = {
			isa = XCSwiftPackageProductDependency;
			package = 4C0E53B627712CA4001BEA58 /* XCRemoteSwiftPackageReference "amplify-ios" */;
			productName = Amplify;
		};
		F22DB80227AC518200678872 /* AmplifyMapLibreAdapter */ = {
			isa = XCSwiftPackageProductDependency;
			package = F22DB80127AC518200678872 /* XCRemoteSwiftPackageReference "amplify-ios-maplibre" */;
			productName = AmplifyMapLibreAdapter;
		};
		F22DB80427AC518200678872 /* AmplifyMapLibreUI */ = {
			isa = XCSwiftPackageProductDependency;
			package = F22DB80127AC518200678872 /* XCRemoteSwiftPackageReference "amplify-ios-maplibre" */;
			productName = AmplifyMapLibreUI;
		};
/* End XCSwiftPackageProductDependency section */
	};
	rootObject = 4C0E53992770FE6F001BEA58 /* Project object */;
}
